// !$*UTF8*$!
{
	archiveVersion = 1;
	classes = {
	};
	objectVersion = 48;
	objects = {

/* Begin PBXBuildFile section */
		50C073F520AA55FC006A59F1 /* AppDelegate.swift in Sources */ = {isa = PBXBuildFile; fileRef = 50C073F420AA55FC006A59F1 /* AppDelegate.swift */; };
		50C073FA20AA55FD006A59F1 /* Main.storyboard in Resources */ = {isa = PBXBuildFile; fileRef = 50C073F820AA55FD006A59F1 /* Main.storyboard */; };
		50C073FC20AA55FD006A59F1 /* Assets.xcassets in Resources */ = {isa = PBXBuildFile; fileRef = 50C073FB20AA55FD006A59F1 /* Assets.xcassets */; };
		50C073FF20AA55FD006A59F1 /* LaunchScreen.storyboard in Resources */ = {isa = PBXBuildFile; fileRef = 50C073FD20AA55FD006A59F1 /* LaunchScreen.storyboard */; };
		50C0740720AA6BB2006A59F1 /* SettingsTableViewController.swift in Sources */ = {isa = PBXBuildFile; fileRef = 50C0740620AA6BB2006A59F1 /* SettingsTableViewController.swift */; };
		50C0740920AA6FC5006A59F1 /* EditViewController.swift in Sources */ = {isa = PBXBuildFile; fileRef = 50C0740820AA6FC5006A59F1 /* EditViewController.swift */; };
		50C0740B20AA744E006A59F1 /* CalculateViewController.swift in Sources */ = {isa = PBXBuildFile; fileRef = 50C0740A20AA744E006A59F1 /* CalculateViewController.swift */; };
		50C0740D20AB1229006A59F1 /* MaterialView.swift in Sources */ = {isa = PBXBuildFile; fileRef = 50C0740C20AB1229006A59F1 /* MaterialView.swift */; };
/* End PBXBuildFile section */

/* Begin PBXFileReference section */
		50C073F120AA55FC006A59F1 /* Vale_a_pena?.app */ = {isa = PBXFileReference; explicitFileType = wrapper.application; includeInIndex = 0; path = "Vale_a_pena?.app"; sourceTree = BUILT_PRODUCTS_DIR; };
		50C073F420AA55FC006A59F1 /* AppDelegate.swift */ = {isa = PBXFileReference; lastKnownFileType = sourcecode.swift; path = AppDelegate.swift; sourceTree = "<group>"; };
		50C073F920AA55FD006A59F1 /* Base */ = {isa = PBXFileReference; lastKnownFileType = file.storyboard; name = Base; path = Base.lproj/Main.storyboard; sourceTree = "<group>"; };
		50C073FB20AA55FD006A59F1 /* Assets.xcassets */ = {isa = PBXFileReference; lastKnownFileType = folder.assetcatalog; path = Assets.xcassets; sourceTree = "<group>"; };
		50C073FE20AA55FD006A59F1 /* Base */ = {isa = PBXFileReference; lastKnownFileType = file.storyboard; name = Base; path = Base.lproj/LaunchScreen.storyboard; sourceTree = "<group>"; };
		50C0740020AA55FD006A59F1 /* Info.plist */ = {isa = PBXFileReference; lastKnownFileType = text.plist.xml; path = Info.plist; sourceTree = "<group>"; };
		50C0740620AA6BB2006A59F1 /* SettingsTableViewController.swift */ = {isa = PBXFileReference; lastKnownFileType = sourcecode.swift; path = SettingsTableViewController.swift; sourceTree = "<group>"; };
		50C0740820AA6FC5006A59F1 /* EditViewController.swift */ = {isa = PBXFileReference; lastKnownFileType = sourcecode.swift; path = EditViewController.swift; sourceTree = "<group>"; };
		50C0740A20AA744E006A59F1 /* CalculateViewController.swift */ = {isa = PBXFileReference; lastKnownFileType = sourcecode.swift; path = CalculateViewController.swift; sourceTree = "<group>"; };
		50C0740C20AB1229006A59F1 /* MaterialView.swift */ = {isa = PBXFileReference; lastKnownFileType = sourcecode.swift; path = MaterialView.swift; sourceTree = "<group>"; };
/* End PBXFileReference section */

/* Begin PBXFrameworksBuildPhase section */
		50C073EE20AA55FC006A59F1 /* Frameworks */ = {
			isa = PBXFrameworksBuildPhase;
			buildActionMask = 2147483647;
			files = (
			);
			runOnlyForDeploymentPostprocessing = 0;
		};
/* End PBXFrameworksBuildPhase section */

/* Begin PBXGroup section */
		50C073E820AA55FC006A59F1 = {
			isa = PBXGroup;
			children = (
				50C073F320AA55FC006A59F1 /* Vale_a_pena? */,
				50C073F220AA55FC006A59F1 /* Products */,
			);
			sourceTree = "<group>";
		};
		50C073F220AA55FC006A59F1 /* Products */ = {
			isa = PBXGroup;
			children = (
				50C073F120AA55FC006A59F1 /* Vale_a_pena?.app */,
			);
			name = Products;
			sourceTree = "<group>";
		};
		50C073F320AA55FC006A59F1 /* Vale_a_pena? */ = {
			isa = PBXGroup;
			children = (
				50C0741020AB1C21006A59F1 /* Models */,
				50C0740F20AB1C18006A59F1 /* Views */,
				50C0740E20AB1C0C006A59F1 /* Controllers */,
				50C073F420AA55FC006A59F1 /* AppDelegate.swift */,
				50C073F820AA55FD006A59F1 /* Main.storyboard */,
				50C073FB20AA55FD006A59F1 /* Assets.xcassets */,
				50C073FD20AA55FD006A59F1 /* LaunchScreen.storyboard */,
				50C0740020AA55FD006A59F1 /* Info.plist */,
			);
			path = "Vale_a_pena?";
			sourceTree = "<group>";
		};
		50C0740E20AB1C0C006A59F1 /* Controllers */ = {
			isa = PBXGroup;
			children = (
				50C0740620AA6BB2006A59F1 /* SettingsTableViewController.swift */,
				50C0740820AA6FC5006A59F1 /* EditViewController.swift */,
				50C0740A20AA744E006A59F1 /* CalculateViewController.swift */,
			);
			path = Controllers;
			sourceTree = "<group>";
		};
		50C0740F20AB1C18006A59F1 /* Views */ = {
			isa = PBXGroup;
			children = (
				50C0740C20AB1229006A59F1 /* MaterialView.swift */,
			);
			path = Views;
			sourceTree = "<group>";
		};
		50C0741020AB1C21006A59F1 /* Models */ = {
			isa = PBXGroup;
			children = (
			);
			path = Models;
			sourceTree = "<group>";
		};
/* End PBXGroup section */

/* Begin PBXNativeTarget section */
		50C073F020AA55FC006A59F1 /* Vale_a_pena? */ = {
			isa = PBXNativeTarget;
			buildConfigurationList = 50C0740320AA55FD006A59F1 /* Build configuration list for PBXNativeTarget "Vale_a_pena?" */;
			buildPhases = (
				50C073ED20AA55FC006A59F1 /* Sources */,
				50C073EE20AA55FC006A59F1 /* Frameworks */,
				50C073EF20AA55FC006A59F1 /* Resources */,
			);
			buildRules = (
			);
			dependencies = (
			);
			name = "Vale_a_pena?";
			productName = "Vale_a_pena?";
			productReference = 50C073F120AA55FC006A59F1 /* Vale_a_pena?.app */;
			productType = "com.apple.product-type.application";
		};
/* End PBXNativeTarget section */

/* Begin PBXProject section */
		50C073E920AA55FC006A59F1 /* Project object */ = {
			isa = PBXProject;
			attributes = {
				LastSwiftUpdateCheck = 0920;
				LastUpgradeCheck = 0920;
				ORGANIZATIONNAME = Everton;
				TargetAttributes = {
					50C073F020AA55FC006A59F1 = {
						CreatedOnToolsVersion = 9.2;
						ProvisioningStyle = Automatic;
					};
				};
			};
			buildConfigurationList = 50C073EC20AA55FC006A59F1 /* Build configuration list for PBXProject "Vale_a_pena?" */;
			compatibilityVersion = "Xcode 8.0";
			developmentRegion = en;
			hasScannedForEncodings = 0;
			knownRegions = (
				en,
				Base,
			);
			mainGroup = 50C073E820AA55FC006A59F1;
			productRefGroup = 50C073F220AA55FC006A59F1 /* Products */;
			projectDirPath = "";
			projectRoot = "";
			targets = (
				50C073F020AA55FC006A59F1 /* Vale_a_pena? */,
			);
		};
/* End PBXProject section */

/* Begin PBXResourcesBuildPhase section */
		50C073EF20AA55FC006A59F1 /* Resources */ = {
			isa = PBXResourcesBuildPhase;
			buildActionMask = 2147483647;
			files = (
				50C073FF20AA55FD006A59F1 /* LaunchScreen.storyboard in Resources */,
				50C073FC20AA55FD006A59F1 /* Assets.xcassets in Resources */,
				50C073FA20AA55FD006A59F1 /* Main.storyboard in Resources */,
			);
			runOnlyForDeploymentPostprocessing = 0;
		};
/* End PBXResourcesBuildPhase section */

/* Begin PBXSourcesBuildPhase section */
		50C073ED20AA55FC006A59F1 /* Sources */ = {
			isa = PBXSourcesBuildPhase;
			buildActionMask = 2147483647;
			files = (
				50C0740720AA6BB2006A59F1 /* SettingsTableViewController.swift in Sources */,
				50C0740B20AA744E006A59F1 /* CalculateViewController.swift in Sources */,
				50C0740D20AB1229006A59F1 /* MaterialView.swift in Sources */,
				50C073F520AA55FC006A59F1 /* AppDelegate.swift in Sources */,
				50C0740920AA6FC5006A59F1 /* EditViewController.swift in Sources */,
			);
			runOnlyForDeploymentPostprocessing = 0;
		};
/* End PBXSourcesBuildPhase section */

/* Begin PBXVariantGroup section */
		50C073F820AA55FD006A59F1 /* Main.storyboard */ = {
			isa = PBXVariantGroup;
			children = (
				50C073F920AA55FD006A59F1 /* Base */,
			);
			name = Main.storyboard;
			sourceTree = "<group>";
		};
		50C073FD20AA55FD006A59F1 /* LaunchScreen.storyboard */ = {
			isa = PBXVariantGroup;
			children = (
				50C073FE20AA55FD006A59F1 /* Base */,
			);
			name = LaunchScreen.storyboard;
			sourceTree = "<group>";
		};
/* End PBXVariantGroup section */

/* Begin XCBuildConfiguration section */
		50C0740120AA55FD006A59F1 /* Debug */ = {
			isa = XCBuildConfiguration;
			buildSettings = {
				ALWAYS_SEARCH_USER_PATHS = NO;
				CLANG_ANALYZER_NONNULL = YES;
				CLANG_ANALYZER_NUMBER_OBJECT_CONVERSION = YES_AGGRESSIVE;
				CLANG_CXX_LANGUAGE_STANDARD = "gnu++14";
				CLANG_CXX_LIBRARY = "libc++";
				CLANG_ENABLE_MODULES = YES;
				CLANG_ENABLE_OBJC_ARC = YES;
				CLANG_WARN_BLOCK_CAPTURE_AUTORELEASING = YES;
				CLANG_WARN_BOOL_CONVERSION = YES;
				CLANG_WARN_COMMA = YES;
				CLANG_WARN_CONSTANT_CONVERSION = YES;
				CLANG_WARN_DIRECT_OBJC_ISA_USAGE = YES_ERROR;
				CLANG_WARN_DOCUMENTATION_COMMENTS = YES;
				CLANG_WARN_EMPTY_BODY = YES;
				CLANG_WARN_ENUM_CONVERSION = YES;
				CLANG_WARN_INFINITE_RECURSION = YES;
				CLANG_WARN_INT_CONVERSION = YES;
				CLANG_WARN_NON_LITERAL_NULL_CONVERSION = YES;
				CLANG_WARN_OBJC_LITERAL_CONVERSION = YES;
				CLANG_WARN_OBJC_ROOT_CLASS = YES_ERROR;
				CLANG_WARN_RANGE_LOOP_ANALYSIS = YES;
				CLANG_WARN_STRICT_PROTOTYPES = YES;
				CLANG_WARN_SUSPICIOUS_MOVE = YES;
				CLANG_WARN_UNGUARDED_AVAILABILITY = YES_AGGRESSIVE;
				CLANG_WARN_UNREACHABLE_CODE = YES;
				CLANG_WARN__DUPLICATE_METHOD_MATCH = YES;
				CODE_SIGN_IDENTITY = "iPhone Developer";
				COPY_PHASE_STRIP = NO;
				DEBUG_INFORMATION_FORMAT = dwarf;
				ENABLE_STRICT_OBJC_MSGSEND = YES;
				ENABLE_TESTABILITY = YES;
				GCC_C_LANGUAGE_STANDARD = gnu11;
				GCC_DYNAMIC_NO_PIC = NO;
				GCC_NO_COMMON_BLOCKS = YES;
				GCC_OPTIMIZATION_LEVEL = 0;
				GCC_PREPROCESSOR_DEFINITIONS = (
					"DEBUG=1",
					"$(inherited)",
				);
				GCC_WARN_64_TO_32_BIT_CONVERSION = YES;
				GCC_WARN_ABOUT_RETURN_TYPE = YES_ERROR;
				GCC_WARN_UNDECLARED_SELECTOR = YES;
				GCC_WARN_UNINITIALIZED_AUTOS = YES_AGGRESSIVE;
				GCC_WARN_UNUSED_FUNCTION = YES;
				GCC_WARN_UNUSED_VARIABLE = YES;
				IPHONEOS_DEPLOYMENT_TARGET = 11.2;
				MTL_ENABLE_DEBUG_INFO = YES;
				ONLY_ACTIVE_ARCH = YES;
				SDKROOT = iphoneos;
				SWIFT_ACTIVE_COMPILATION_CONDITIONS = DEBUG;
				SWIFT_OPTIMIZATION_LEVEL = "-Onone";
			};
			name = Debug;
		};
		50C0740220AA55FD006A59F1 /* Release */ = {
			isa = XCBuildConfiguration;
			buildSettings = {
				ALWAYS_SEARCH_USER_PATHS = NO;
				CLANG_ANALYZER_NONNULL = YES;
				CLANG_ANALYZER_NUMBER_OBJECT_CONVERSION = YES_AGGRESSIVE;
				CLANG_CXX_LANGUAGE_STANDARD = "gnu++14";
				CLANG_CXX_LIBRARY = "libc++";
				CLANG_ENABLE_MODULES = YES;
				CLANG_ENABLE_OBJC_ARC = YES;
				CLANG_WARN_BLOCK_CAPTURE_AUTORELEASING = YES;
				CLANG_WARN_BOOL_CONVERSION = YES;
				CLANG_WARN_COMMA = YES;
				CLANG_WARN_CONSTANT_CONVERSION = YES;
				CLANG_WARN_DIRECT_OBJC_ISA_USAGE = YES_ERROR;
				CLANG_WARN_DOCUMENTATION_COMMENTS = YES;
				CLANG_WARN_EMPTY_BODY = YES;
				CLANG_WARN_ENUM_CONVERSION = YES;
				CLANG_WARN_INFINITE_RECURSION = YES;
				CLANG_WARN_INT_CONVERSION = YES;
				CLANG_WARN_NON_LITERAL_NULL_CONVERSION = YES;
				CLANG_WARN_OBJC_LITERAL_CONVERSION = YES;
				CLANG_WARN_OBJC_ROOT_CLASS = YES_ERROR;
				CLANG_WARN_RANGE_LOOP_ANALYSIS = YES;
				CLANG_WARN_STRICT_PROTOTYPES = YES;
				CLANG_WARN_SUSPICIOUS_MOVE = YES;
				CLANG_WARN_UNGUARDED_AVAILABILITY = YES_AGGRESSIVE;
				CLANG_WARN_UNREACHABLE_CODE = YES;
				CLANG_WARN__DUPLICATE_METHOD_MATCH = YES;
				CODE_SIGN_IDENTITY = "iPhone Developer";
				COPY_PHASE_STRIP = NO;
				DEBUG_INFORMATION_FORMAT = "dwarf-with-dsym";
				ENABLE_NS_ASSERTIONS = NO;
				ENABLE_STRICT_OBJC_MSGSEND = YES;
				GCC_C_LANGUAGE_STANDARD = gnu11;
				GCC_NO_COMMON_BLOCKS = YES;
				GCC_WARN_64_TO_32_BIT_CONVERSION = YES;
				GCC_WARN_ABOUT_RETURN_TYPE = YES_ERROR;
				GCC_WARN_UNDECLARED_SELECTOR = YES;
				GCC_WARN_UNINITIALIZED_AUTOS = YES_AGGRESSIVE;
				GCC_WARN_UNUSED_FUNCTION = YES;
				GCC_WARN_UNUSED_VARIABLE = YES;
				IPHONEOS_DEPLOYMENT_TARGET = 11.2;
				MTL_ENABLE_DEBUG_INFO = NO;
				SDKROOT = iphoneos;
				SWIFT_OPTIMIZATION_LEVEL = "-Owholemodule";
				VALIDATE_PRODUCT = YES;
			};
			name = Release;
		};
		50C0740420AA55FD006A59F1 /* Debug */ = {
			isa = XCBuildConfiguration;
			buildSettings = {
				ASSETCATALOG_COMPILER_APPICON_NAME = AppIcon;
				CODE_SIGN_STYLE = Automatic;
				DEVELOPMENT_TEAM = TK5Y26D53T;
				INFOPLIST_FILE = "Vale_a_pena?/Info.plist";
				IPHONEOS_DEPLOYMENT_TARGET = 10.0;
				LD_RUNPATH_SEARCH_PATHS = "$(inherited) @executable_path/Frameworks";
				PRODUCT_BUNDLE_IDENTIFIER = "EvertonCarneiro.Vale-a-pena-";
				PRODUCT_NAME = "$(TARGET_NAME)";
				SWIFT_VERSION = 4.0;
				TARGETED_DEVICE_FAMILY = "1,2";
			};
			name = Debug;
		};
		50C0740520AA55FD006A59F1 /* Release */ = {
			isa = XCBuildConfiguration;
			buildSettings = {
				ASSETCATALOG_COMPILER_APPICON_NAME = AppIcon;
				CODE_SIGN_STYLE = Automatic;
				DEVELOPMENT_TEAM = TK5Y26D53T;
				INFOPLIST_FILE = "Vale_a_pena?/Info.plist";
				IPHONEOS_DEPLOYMENT_TARGET = 10.0;
				LD_RUNPATH_SEARCH_PATHS = "$(inherited) @executable_path/Frameworks";
				PRODUCT_BUNDLE_IDENTIFIER = "EvertonCarneiro.Vale-a-pena-";
				PRODUCT_NAME = "$(TARGET_NAME)";
				SWIFT_VERSION = 4.0;
				TARGETED_DEVICE_FAMILY = "1,2";
			};
			name = Release;
		};
/* End XCBuildConfiguration section */

/* Begin XCConfigurationList section */
		50C073EC20AA55FC006A59F1 /* Build configuration list for PBXProject "Vale_a_pena?" */ = {
			isa = XCConfigurationList;
			buildConfigurations = (
				50C0740120AA55FD006A59F1 /* Debug */,
				50C0740220AA55FD006A59F1 /* Release */,
			);
			defaultConfigurationIsVisible = 0;
			defaultConfigurationName = Release;
		};
		50C0740320AA55FD006A59F1 /* Build configuration list for PBXNativeTarget "Vale_a_pena?" */ = {
			isa = XCConfigurationList;
			buildConfigurations = (
				50C0740420AA55FD006A59F1 /* Debug */,
				50C0740520AA55FD006A59F1 /* Release */,
			);
			defaultConfigurationIsVisible = 0;
			defaultConfigurationName = Release;
		};
/* End XCConfigurationList section */
	};
	rootObject = 50C073E920AA55FC006A59F1 /* Project object */;
}
